
Microsoft Visual Studio Solution File, Format Version 12.00
# Visual Studio Version 16
VisualStudioVersion = 16.0.31515.178
MinimumVisualStudioVersion = 10.0.40219.1
Project("{FAE04EC0-301F-11D3-BF4B-00C04F79EFBC}") = "Staganography", "Staganography.csproj", "{5F9987D0-6303-47B9-BB2D-AD3A8DD245AF}"
EndProject
Global
	GlobalSection(SolutionConfigurationPlatforms) = preSolution
		Debug|Any CPU = Debug|Any CPU
		Release|Any CPU = Release|Any CPU
	EndGlobalSection
	GlobalSection(ProjectConfigurationPlatforms) = postSolution
		{5F9987D0-6303-47B9-BB2D-AD3A8DD245AF}.Debug|Any CPU.ActiveCfg = Debug|Any CPU
		{5F9987D0-6303-47B9-BB2D-AD3A8DD245AF}.Debug|Any CPU.Build.0 = Debug|Any CPU
		{5F9987D0-6303-47B9-BB2D-AD3A8DD245AF}.Release|Any CPU.ActiveCfg = Release|Any CPU
		{5F9987D0-6303-47B9-BB2D-AD3A8DD245AF}.Release|Any CPU.Build.0 = Release|Any CPU
	EndGlobalSection
	GlobalSection(SolutionProperties) = preSolution
		HideSolutionNode = FALSE
	EndGlobalSection
	GlobalSection(ExtensibilityGlobals) = postSolution
		SolutionGuid = {3E61E68E-D588-4312-8100-88780682CFC1}
	EndGlobalSection
EndGlobal
